
Microsoft Visual Studio Solution File, Format Version 12.00
# Visual Studio Version 17
VisualStudioVersion = 17.10.35004.147
MinimumVisualStudioVersion = 10.0.40219.1
Project("{F184B08F-C81C-45F6-A57F-5ABD9991F28F}") = "UnPack", "UnPack\UnPack.vbproj", "{FBB72284-D676-479F-8ECC-578DF884BE7D}"
EndProject
Global
	GlobalSection(SolutionConfigurationPlatforms) = preSolution
		Debug|Any CPU = Debug|Any CPU
		Release|Any CPU = Release|Any CPU
	EndGlobalSection
	GlobalSection(ProjectConfigurationPlatforms) = postSolution
		{FBB72284-D676-479F-8ECC-578DF884BE7D}.Debug|Any CPU.ActiveCfg = Debug|Any CPU
		{FBB72284-D676-479F-8ECC-578DF884BE7D}.Debug|Any CPU.Build.0 = Debug|Any CPU
		{FBB72284-D676-479F-8ECC-578DF884BE7D}.Release|Any CPU.ActiveCfg = Release|Any CPU
		{FBB72284-D676-479F-8ECC-578DF884BE7D}.Release|Any CPU.Build.0 = Release|Any CPU
	EndGlobalSection
	GlobalSection(SolutionProperties) = preSolution
		HideSolutionNode = FALSE
	EndGlobalSection
	GlobalSection(ExtensibilityGlobals) = postSolution
		SolutionGuid = {79F43083-A56F-40BE-A879-D6AAE7B3BF6D}
	EndGlobalSection
EndGlobal
